
Microsoft Visual Studio Solution File, Format Version 12.00
# Visual Studio Version 17
VisualStudioVersion = 17.7.34031.279
MinimumVisualStudioVersion = 10.0.40219.1
Project("{9A19103F-16F7-4668-BE54-9A1E7A4F7556}") = "WF_FileClassification", "WF_FileClassification.csproj", "{C0254AEB-6390-4D58-A2CA-3D6EB93120FF}"
EndProject
Global
	GlobalSection(SolutionConfigurationPlatforms) = preSolution
		Debug|Any CPU = Debug|Any CPU
		Release|Any CPU = Release|Any CPU
	EndGlobalSection
	GlobalSection(ProjectConfigurationPlatforms) = postSolution
		{C0254AEB-6390-4D58-A2CA-3D6EB93120FF}.Debug|Any CPU.ActiveCfg = Debug|Any CPU
		{C0254AEB-6390-4D58-A2CA-3D6EB93120FF}.Debug|Any CPU.Build.0 = Debug|Any CPU
		{C0254AEB-6390-4D58-A2CA-3D6EB93120FF}.Release|Any CPU.ActiveCfg = Release|Any CPU
		{C0254AEB-6390-4D58-A2CA-3D6EB93120FF}.Release|Any CPU.Build.0 = Release|Any CPU
	EndGlobalSection
	GlobalSection(SolutionProperties) = preSolution
		HideSolutionNode = FALSE
	EndGlobalSection
	GlobalSection(ExtensibilityGlobals) = postSolution
		SolutionGuid = {69E7EEEB-B6E6-4095-B896-15BF4A35102C}
	EndGlobalSection
EndGlobal
